// !$*UTF8*$!
{
	archiveVersion = 1;
	classes = {
	};
	objectVersion = 52;
	objects = {

/* Begin PBXBuildFile section */
		CB4132142532D386003C405E /* ClientStub.swift in Sources */ = {isa = PBXBuildFile; fileRef = CB4132132532D386003C405E /* ClientStub.swift */; };
		CB41322C2532D464003C405E /* ClientProtocol.swift in Sources */ = {isa = PBXBuildFile; fileRef = CBB0C731252EB1D4008F091F /* ClientProtocol.swift */; };
		CB4132312532D48E003C405E /* ConstEnums.swift in Sources */ = {isa = PBXBuildFile; fileRef = CBB0C744252ED772008F091F /* ConstEnums.swift */; };
		CB41328C2532DFE9003C405E /* Deinitializable.swift in Sources */ = {isa = PBXBuildFile; fileRef = CBB0C720252E9B28008F091F /* Deinitializable.swift */; };
		CB4132912532DFEF003C405E /* QuotesResultModel.swift in Sources */ = {isa = PBXBuildFile; fileRef = CBB0C763252EDAEB008F091F /* QuotesResultModel.swift */; };
		CB4132962532DFEF003C405E /* QuotesResultModel.swift in Sources */ = {isa = PBXBuildFile; fileRef = CBB0C763252EDAEB008F091F /* QuotesResultModel.swift */; };
		CB41329B2532E00E003C405E /* ConstValues.swift in Sources */ = {isa = PBXBuildFile; fileRef = CBB0C7AB252EE555008F091F /* ConstValues.swift */; };
		CB4132A02532E00F003C405E /* ConstValues.swift in Sources */ = {isa = PBXBuildFile; fileRef = CBB0C7AB252EE555008F091F /* ConstValues.swift */; };
		CBB0C65A252E97C8008F091F /* AppDelegate.swift in Sources */ = {isa = PBXBuildFile; fileRef = CBB0C659252E97C8008F091F /* AppDelegate.swift */; };
		CBB0C65E252E97C8008F091F /* MainViewController.swift in Sources */ = {isa = PBXBuildFile; fileRef = CBB0C65D252E97C8008F091F /* MainViewController.swift */; };
		CBB0C663252E97C9008F091F /* Assets.xcassets in Resources */ = {isa = PBXBuildFile; fileRef = CBB0C662252E97C9008F091F /* Assets.xcassets */; };
		CBB0C666252E97C9008F091F /* LaunchScreen.storyboard in Resources */ = {isa = PBXBuildFile; fileRef = CBB0C664252E97C9008F091F /* LaunchScreen.storyboard */; };
		CBB0C67C252E97C9008F091F /* MVVMiUITests.swift in Sources */ = {isa = PBXBuildFile; fileRef = CBB0C67B252E97C9008F091F /* MVVMiUITests.swift */; };
		CBB0C6B1252E98ED008F091F /* RxViewController.swift in Sources */ = {isa = PBXBuildFile; fileRef = CBB0C6A8252E98EC008F091F /* RxViewController.swift */; };
		CBB0C6B2252E98ED008F091F /* RxViewController.swift in Sources */ = {isa = PBXBuildFile; fileRef = CBB0C6A8252E98EC008F091F /* RxViewController.swift */; };
		CBB0C6BB252E98ED008F091F /* RxViewModel.swift in Sources */ = {isa = PBXBuildFile; fileRef = CBB0C6AD252E98ED008F091F /* RxViewModel.swift */; };
		CBB0C6BC252E98ED008F091F /* RxViewModel.swift in Sources */ = {isa = PBXBuildFile; fileRef = CBB0C6AD252E98ED008F091F /* RxViewModel.swift */; };
		CBB0C721252E9B28008F091F /* Deinitializable.swift in Sources */ = {isa = PBXBuildFile; fileRef = CBB0C720252E9B28008F091F /* Deinitializable.swift */; };
		CBB0C722252E9B28008F091F /* Deinitializable.swift in Sources */ = {isa = PBXBuildFile; fileRef = CBB0C720252E9B28008F091F /* Deinitializable.swift */; };
		CBB0C723252E9B28008F091F /* Deinitializable.swift in Sources */ = {isa = PBXBuildFile; fileRef = CBB0C720252E9B28008F091F /* Deinitializable.swift */; };
		CBB0C732252EB1D4008F091F /* ClientProtocol.swift in Sources */ = {isa = PBXBuildFile; fileRef = CBB0C731252EB1D4008F091F /* ClientProtocol.swift */; };
		CBB0C733252EB1D4008F091F /* ClientProtocol.swift in Sources */ = {isa = PBXBuildFile; fileRef = CBB0C731252EB1D4008F091F /* ClientProtocol.swift */; };
		CBB0C73B252EB28C008F091F /* RestClient.swift in Sources */ = {isa = PBXBuildFile; fileRef = CBB0C73A252EB28C008F091F /* RestClient.swift */; };
		CBB0C73C252EB28C008F091F /* RestClient.swift in Sources */ = {isa = PBXBuildFile; fileRef = CBB0C73A252EB28C008F091F /* RestClient.swift */; };
		CBB0C745252ED772008F091F /* ConstEnums.swift in Sources */ = {isa = PBXBuildFile; fileRef = CBB0C744252ED772008F091F /* ConstEnums.swift */; };
		CBB0C746252ED772008F091F /* ConstEnums.swift in Sources */ = {isa = PBXBuildFile; fileRef = CBB0C744252ED772008F091F /* ConstEnums.swift */; };
		CBB0C74E252ED96D008F091F /* BaseInteractor.swift in Sources */ = {isa = PBXBuildFile; fileRef = CBB0C74D252ED96D008F091F /* BaseInteractor.swift */; };
		CBB0C74F252ED96D008F091F /* BaseInteractor.swift in Sources */ = {isa = PBXBuildFile; fileRef = CBB0C74D252ED96D008F091F /* BaseInteractor.swift */; };
		CBB0C754252EDA3A008F091F /* QuotesInteractor.swift in Sources */ = {isa = PBXBuildFile; fileRef = CBB0C753252EDA3A008F091F /* QuotesInteractor.swift */; };
		CBB0C755252EDA3A008F091F /* QuotesInteractor.swift in Sources */ = {isa = PBXBuildFile; fileRef = CBB0C753252EDA3A008F091F /* QuotesInteractor.swift */; };
		CBB0C75B252EDA88008F091F /* QuotesParam.swift in Sources */ = {isa = PBXBuildFile; fileRef = CBB0C75A252EDA88008F091F /* QuotesParam.swift */; };
		CBB0C75C252EDA88008F091F /* QuotesParam.swift in Sources */ = {isa = PBXBuildFile; fileRef = CBB0C75A252EDA88008F091F /* QuotesParam.swift */; };
		CBB0C764252EDAEB008F091F /* QuotesResultModel.swift in Sources */ = {isa = PBXBuildFile; fileRef = CBB0C763252EDAEB008F091F /* QuotesResultModel.swift */; };
		CBB0C76A252EDBE4008F091F /* MainViewModel.swift in Sources */ = {isa = PBXBuildFile; fileRef = CBB0C769252EDBE4008F091F /* MainViewModel.swift */; };
		CBB0C76B252EDBE4008F091F /* MainViewModel.swift in Sources */ = {isa = PBXBuildFile; fileRef = CBB0C769252EDBE4008F091F /* MainViewModel.swift */; };
		CBB0C79E252EDCC7008F091F /* BaseInteractor.swift in Sources */ = {isa = PBXBuildFile; fileRef = CBB0C74D252ED96D008F091F /* BaseInteractor.swift */; };
		CBB0C7AC252EE555008F091F /* ConstValues.swift in Sources */ = {isa = PBXBuildFile; fileRef = CBB0C7AB252EE555008F091F /* ConstValues.swift */; };
		CBF7F43C2533E9CB00563C46 /* stub_loader.swift in Sources */ = {isa = PBXBuildFile; fileRef = CBF7F43B2533E9CB00563C46 /* stub_loader.swift */; };
		CBF7F4422533EA7C00563C46 /* quotes_interactor_p_valid_param_01.swift in Sources */ = {isa = PBXBuildFile; fileRef = CBF7F4412533EA7B00563C46 /* quotes_interactor_p_valid_param_01.swift */; };
		CBF7F4472533EAD100563C46 /* QuotesInteractor.swift in Sources */ = {isa = PBXBuildFile; fileRef = CBB0C753252EDA3A008F091F /* QuotesInteractor.swift */; };
		CBF7F4502533F03F00563C46 /* QuotesParam.swift in Sources */ = {isa = PBXBuildFile; fileRef = CBB0C75A252EDA88008F091F /* QuotesParam.swift */; };
		CBF7F45D2533F23E00563C46 /* interactor_stub.plist in Resources */ = {isa = PBXBuildFile; fileRef = CB4132A52532E09F003C405E /* interactor_stub.plist */; };
		CBF7F4712533F86200563C46 /* interactor_stub.plist in Resources */ = {isa = PBXBuildFile; fileRef = CB4132A52532E09F003C405E /* interactor_stub.plist */; };
		CBF7F4782533F8FC00563C46 /* viewmodel_stub.plist in Resources */ = {isa = PBXBuildFile; fileRef = CBF7F4762533F8FC00563C46 /* viewmodel_stub.plist */; };
		CBF7F4792533F8FC00563C46 /* stub_loader.swift in Sources */ = {isa = PBXBuildFile; fileRef = CBF7F4772533F8FC00563C46 /* stub_loader.swift */; };
		CBF7F47E2533F90400563C46 /* viewmodel_stub.plist in Resources */ = {isa = PBXBuildFile; fileRef = CBF7F4762533F8FC00563C46 /* viewmodel_stub.plist */; };
		CBF7F4842533F95100563C46 /* BaseInteractorStub.swift in Sources */ = {isa = PBXBuildFile; fileRef = CBF7F4832533F95100563C46 /* BaseInteractorStub.swift */; };
		CBF7F48B2533F99000563C46 /* QuotesInteractorStub.swift in Sources */ = {isa = PBXBuildFile; fileRef = CBF7F48A2533F99000563C46 /* QuotesInteractorStub.swift */; };
		CBF7F495253415F900563C46 /* main_viewmodel_p_valid_input_01.swift in Sources */ = {isa = PBXBuildFile; fileRef = CBF7F494253415F900563C46 /* main_viewmodel_p_valid_input_01.swift */; };
		CBF7F49B25341BC500563C46 /* main_viewmodel_p_invalid_parse_01.swift in Sources */ = {isa = PBXBuildFile; fileRef = CBF7F49A25341BC500563C46 /* main_viewmodel_p_invalid_parse_01.swift */; };
		DD7DB48128DAF78400171BAB /* ReactiveExtension.swift in Sources */ = {isa = PBXBuildFile; fileRef = DD7DB47F28DAF78400171BAB /* ReactiveExtension.swift */; };
		DD7DB48228DAF78400171BAB /* AddWith.swift in Sources */ = {isa = PBXBuildFile; fileRef = DD7DB48028DAF78400171BAB /* AddWith.swift */; };
		DDD85E9E28DAE1B900BF82D6 /* SnapKit in Frameworks */ = {isa = PBXBuildFile; productRef = DDD85E9D28DAE1B900BF82D6 /* SnapKit */; };
		DDD85EA328DAE1D300BF82D6 /* RxCocoa in Frameworks */ = {isa = PBXBuildFile; productRef = DDD85EA228DAE1D300BF82D6 /* RxCocoa */; };
		DDD85EA528DAE1D300BF82D6 /* RxRelay in Frameworks */ = {isa = PBXBuildFile; productRef = DDD85EA428DAE1D300BF82D6 /* RxRelay */; };
		DDD85EA728DAE1D300BF82D6 /* RxSwift in Frameworks */ = {isa = PBXBuildFile; productRef = DDD85EA628DAE1D300BF82D6 /* RxSwift */; };
		DDD85EAF28DAE84900BF82D6 /* RxBlocking in Frameworks */ = {isa = PBXBuildFile; productRef = DDD85EAE28DAE84900BF82D6 /* RxBlocking */; };
		DDD85EB128DAE84900BF82D6 /* RxTest in Frameworks */ = {isa = PBXBuildFile; productRef = DDD85EB028DAE84900BF82D6 /* RxTest */; };
		DDD85EB328DAE85600BF82D6 /* RxBlocking in Frameworks */ = {isa = PBXBuildFile; productRef = DDD85EB228DAE85600BF82D6 /* RxBlocking */; };
		DDD85EB528DAE85600BF82D6 /* RxTest in Frameworks */ = {isa = PBXBuildFile; productRef = DDD85EB428DAE85600BF82D6 /* RxTest */; };
		DDF1429128DADC4200E7045B /* Then in Frameworks */ = {isa = PBXBuildFile; productRef = DDF1429028DADC4200E7045B /* Then */; };
		DDF142A928DADCF700E7045B /* Alamofire in Frameworks */ = {isa = PBXBuildFile; productRef = DDF142A828DADCF700E7045B /* Alamofire */; };
/* End PBXBuildFile section */

/* Begin PBXContainerItemProxy section */
		CBB0C66D252E97C9008F091F /* PBXContainerItemProxy */ = {
			isa = PBXContainerItemProxy;
			containerPortal = CBB0C64E252E97C8008F091F /* Project object */;
			proxyType = 1;
			remoteGlobalIDString = CBB0C655252E97C8008F091F;
			remoteInfo = MVVMi;
		};
		CBB0C678252E97C9008F091F /* PBXContainerItemProxy */ = {
			isa = PBXContainerItemProxy;
			containerPortal = CBB0C64E252E97C8008F091F /* Project object */;
			proxyType = 1;
			remoteGlobalIDString = CBB0C655252E97C8008F091F;
			remoteInfo = MVVMi;
		};
		CBB0C784252EDCA0008F091F /* PBXContainerItemProxy */ = {
			isa = PBXContainerItemProxy;
			containerPortal = CBB0C64E252E97C8008F091F /* Project object */;
			proxyType = 1;
			remoteGlobalIDString = CBB0C655252E97C8008F091F;
			remoteInfo = MVVMi;
		};
/* End PBXContainerItemProxy section */

/* Begin PBXFileReference section */
		CB4132132532D386003C405E /* ClientStub.swift */ = {isa = PBXFileReference; lastKnownFileType = sourcecode.swift; path = ClientStub.swift; sourceTree = "<group>"; };
		CB4132A52532E09F003C405E /* interactor_stub.plist */ = {isa = PBXFileReference; fileEncoding = 4; lastKnownFileType = text.plist.xml; path = interactor_stub.plist; sourceTree = "<group>"; };
		CBB0C656252E97C8008F091F /* MVVMi.app */ = {isa = PBXFileReference; explicitFileType = wrapper.application; includeInIndex = 0; path = MVVMi.app; sourceTree = BUILT_PRODUCTS_DIR; };
		CBB0C659252E97C8008F091F /* AppDelegate.swift */ = {isa = PBXFileReference; lastKnownFileType = sourcecode.swift; path = AppDelegate.swift; sourceTree = "<group>"; };
		CBB0C65D252E97C8008F091F /* MainViewController.swift */ = {isa = PBXFileReference; lastKnownFileType = sourcecode.swift; path = MainViewController.swift; sourceTree = "<group>"; };
		CBB0C662252E97C9008F091F /* Assets.xcassets */ = {isa = PBXFileReference; lastKnownFileType = folder.assetcatalog; path = Assets.xcassets; sourceTree = "<group>"; };
		CBB0C665252E97C9008F091F /* Base */ = {isa = PBXFileReference; lastKnownFileType = file.storyboard; name = Base; path = Base.lproj/LaunchScreen.storyboard; sourceTree = "<group>"; };
		CBB0C667252E97C9008F091F /* Info.plist */ = {isa = PBXFileReference; lastKnownFileType = text.plist.xml; path = Info.plist; sourceTree = "<group>"; };
		CBB0C66C252E97C9008F091F /* ViewModelUnitTest.xctest */ = {isa = PBXFileReference; explicitFileType = wrapper.cfbundle; includeInIndex = 0; path = ViewModelUnitTest.xctest; sourceTree = BUILT_PRODUCTS_DIR; };
		CBB0C672252E97C9008F091F /* Info.plist */ = {isa = PBXFileReference; lastKnownFileType = text.plist.xml; path = Info.plist; sourceTree = "<group>"; };
		CBB0C677252E97C9008F091F /* MVVMiUITests.xctest */ = {isa = PBXFileReference; explicitFileType = wrapper.cfbundle; includeInIndex = 0; path = MVVMiUITests.xctest; sourceTree = BUILT_PRODUCTS_DIR; };
		CBB0C67B252E97C9008F091F /* MVVMiUITests.swift */ = {isa = PBXFileReference; lastKnownFileType = sourcecode.swift; path = MVVMiUITests.swift; sourceTree = "<group>"; };
		CBB0C67D252E97C9008F091F /* Info.plist */ = {isa = PBXFileReference; lastKnownFileType = text.plist.xml; path = Info.plist; sourceTree = "<group>"; };
		CBB0C6A8252E98EC008F091F /* RxViewController.swift */ = {isa = PBXFileReference; fileEncoding = 4; lastKnownFileType = sourcecode.swift; path = RxViewController.swift; sourceTree = "<group>"; };
		CBB0C6AD252E98ED008F091F /* RxViewModel.swift */ = {isa = PBXFileReference; fileEncoding = 4; lastKnownFileType = sourcecode.swift; path = RxViewModel.swift; sourceTree = "<group>"; };
		CBB0C720252E9B28008F091F /* Deinitializable.swift */ = {isa = PBXFileReference; lastKnownFileType = sourcecode.swift; path = Deinitializable.swift; sourceTree = "<group>"; };
		CBB0C731252EB1D4008F091F /* ClientProtocol.swift */ = {isa = PBXFileReference; lastKnownFileType = sourcecode.swift; path = ClientProtocol.swift; sourceTree = "<group>"; };
		CBB0C73A252EB28C008F091F /* RestClient.swift */ = {isa = PBXFileReference; lastKnownFileType = sourcecode.swift; path = RestClient.swift; sourceTree = "<group>"; };
		CBB0C744252ED772008F091F /* ConstEnums.swift */ = {isa = PBXFileReference; lastKnownFileType = sourcecode.swift; path = ConstEnums.swift; sourceTree = "<group>"; };
		CBB0C74D252ED96D008F091F /* BaseInteractor.swift */ = {isa = PBXFileReference; lastKnownFileType = sourcecode.swift; path = BaseInteractor.swift; sourceTree = "<group>"; };
		CBB0C753252EDA3A008F091F /* QuotesInteractor.swift */ = {isa = PBXFileReference; lastKnownFileType = sourcecode.swift; path = QuotesInteractor.swift; sourceTree = "<group>"; };
		CBB0C75A252EDA88008F091F /* QuotesParam.swift */ = {isa = PBXFileReference; lastKnownFileType = sourcecode.swift; path = QuotesParam.swift; sourceTree = "<group>"; };
		CBB0C763252EDAEB008F091F /* QuotesResultModel.swift */ = {isa = PBXFileReference; lastKnownFileType = sourcecode.swift; path = QuotesResultModel.swift; sourceTree = "<group>"; };
		CBB0C769252EDBE4008F091F /* MainViewModel.swift */ = {isa = PBXFileReference; lastKnownFileType = sourcecode.swift; path = MainViewModel.swift; sourceTree = "<group>"; };
		CBB0C77F252EDCA0008F091F /* InteractorUnitTest.xctest */ = {isa = PBXFileReference; explicitFileType = wrapper.cfbundle; includeInIndex = 0; path = InteractorUnitTest.xctest; sourceTree = BUILT_PRODUCTS_DIR; };
		CBB0C783252EDCA0008F091F /* Info.plist */ = {isa = PBXFileReference; lastKnownFileType = text.plist.xml; path = Info.plist; sourceTree = "<group>"; };
		CBB0C7AB252EE555008F091F /* ConstValues.swift */ = {isa = PBXFileReference; lastKnownFileType = sourcecode.swift; path = ConstValues.swift; sourceTree = "<group>"; };
		CBF7F43B2533E9CB00563C46 /* stub_loader.swift */ = {isa = PBXFileReference; lastKnownFileType = sourcecode.swift; path = stub_loader.swift; sourceTree = "<group>"; };
		CBF7F4412533EA7B00563C46 /* quotes_interactor_p_valid_param_01.swift */ = {isa = PBXFileReference; lastKnownFileType = sourcecode.swift; path = quotes_interactor_p_valid_param_01.swift; sourceTree = "<group>"; };
		CBF7F4762533F8FC00563C46 /* viewmodel_stub.plist */ = {isa = PBXFileReference; fileEncoding = 4; lastKnownFileType = text.plist.xml; path = viewmodel_stub.plist; sourceTree = "<group>"; };
		CBF7F4772533F8FC00563C46 /* stub_loader.swift */ = {isa = PBXFileReference; fileEncoding = 4; lastKnownFileType = sourcecode.swift; path = stub_loader.swift; sourceTree = "<group>"; };
		CBF7F4832533F95100563C46 /* BaseInteractorStub.swift */ = {isa = PBXFileReference; lastKnownFileType = sourcecode.swift; path = BaseInteractorStub.swift; sourceTree = "<group>"; };
		CBF7F48A2533F99000563C46 /* QuotesInteractorStub.swift */ = {isa = PBXFileReference; lastKnownFileType = sourcecode.swift; path = QuotesInteractorStub.swift; sourceTree = "<group>"; };
		CBF7F494253415F900563C46 /* main_viewmodel_p_valid_input_01.swift */ = {isa = PBXFileReference; lastKnownFileType = sourcecode.swift; path = main_viewmodel_p_valid_input_01.swift; sourceTree = "<group>"; };
		CBF7F49A25341BC500563C46 /* main_viewmodel_p_invalid_parse_01.swift */ = {isa = PBXFileReference; lastKnownFileType = sourcecode.swift; path = main_viewmodel_p_invalid_parse_01.swift; sourceTree = "<group>"; };
		DD7DB47F28DAF78400171BAB /* ReactiveExtension.swift */ = {isa = PBXFileReference; fileEncoding = 4; lastKnownFileType = sourcecode.swift; path = ReactiveExtension.swift; sourceTree = "<group>"; };
		DD7DB48028DAF78400171BAB /* AddWith.swift */ = {isa = PBXFileReference; fileEncoding = 4; lastKnownFileType = sourcecode.swift; path = AddWith.swift; sourceTree = "<group>"; };
/* End PBXFileReference section */

/* Begin PBXFrameworksBuildPhase section */
		CBB0C653252E97C8008F091F /* Frameworks */ = {
			isa = PBXFrameworksBuildPhase;
			buildActionMask = 2147483647;
			files = (
				DDD85EA528DAE1D300BF82D6 /* RxRelay in Frameworks */,
				DDD85E9E28DAE1B900BF82D6 /* SnapKit in Frameworks */,
				DDD85EA328DAE1D300BF82D6 /* RxCocoa in Frameworks */,
				DDF142A928DADCF700E7045B /* Alamofire in Frameworks */,
				DDF1429128DADC4200E7045B /* Then in Frameworks */,
				DDD85EA728DAE1D300BF82D6 /* RxSwift in Frameworks */,
			);
			runOnlyForDeploymentPostprocessing = 0;
		};
		CBB0C669252E97C9008F091F /* Frameworks */ = {
			isa = PBXFrameworksBuildPhase;
			buildActionMask = 2147483647;
			files = (
				DDD85EB528DAE85600BF82D6 /* RxTest in Frameworks */,
				DDD85EB328DAE85600BF82D6 /* RxBlocking in Frameworks */,
			);
			runOnlyForDeploymentPostprocessing = 0;
		};
		CBB0C674252E97C9008F091F /* Frameworks */ = {
			isa = PBXFrameworksBuildPhase;
			buildActionMask = 2147483647;
			files = (
			);
			runOnlyForDeploymentPostprocessing = 0;
		};
		CBB0C77C252EDCA0008F091F /* Frameworks */ = {
			isa = PBXFrameworksBuildPhase;
			buildActionMask = 2147483647;
			files = (
				DDD85EB128DAE84900BF82D6 /* RxTest in Frameworks */,
				DDD85EAF28DAE84900BF82D6 /* RxBlocking in Frameworks */,
			);
			runOnlyForDeploymentPostprocessing = 0;
		};
/* End PBXFrameworksBuildPhase section */

/* Begin PBXGroup section */
		CBB0C64D252E97C8008F091F = {
			isa = PBXGroup;
			children = (
				CBB0C658252E97C8008F091F /* MVVMi */,
				CBB0C66F252E97C9008F091F /* ViewModelUnitTest */,
				CBB0C67A252E97C9008F091F /* MVVMiUITests */,
				CBB0C780252EDCA0008F091F /* InteractorUnitTest */,
				CBB0C657252E97C8008F091F /* Products */,
				DDD85EAD28DAE84900BF82D6 /* Frameworks */,
			);
			sourceTree = "<group>";
		};
		CBB0C657252E97C8008F091F /* Products */ = {
			isa = PBXGroup;
			children = (
				CBB0C656252E97C8008F091F /* MVVMi.app */,
				CBB0C66C252E97C9008F091F /* ViewModelUnitTest.xctest */,
				CBB0C677252E97C9008F091F /* MVVMiUITests.xctest */,
				CBB0C77F252EDCA0008F091F /* InteractorUnitTest.xctest */,
			);
			name = Products;
			sourceTree = "<group>";
		};
		CBB0C658252E97C8008F091F /* MVVMi */ = {
			isa = PBXGroup;
			children = (
				CBB0C6D9252FE21C00C2797F /* Helper */,
				CBB0C6A2252E9879008F091F /* Bases */,
				CBB0C6A5252E98AC008F091F /* Scenes */,
				CBB0C740252ED51B008F091F /* Commons */,
				CBB0C6A6252E98BC008F091F /* Interactors */,
				CBB0C6A4252E989F008F091F /* Extensions */,
				CBB0C6A3252E9885008F091F /* Clients */,
				CBB0C659252E97C8008F091F /* AppDelegate.swift */,
				CBB0C662252E97C9008F091F /* Assets.xcassets */,
				CBB0C664252E97C9008F091F /* LaunchScreen.storyboard */,
				CBB0C667252E97C9008F091F /* Info.plist */,
			);
			path = MVVMi;
			sourceTree = "<group>";
		};
		CBB0C66F252E97C9008F091F /* ViewModelUnitTest */ = {
			isa = PBXGroup;
			children = (
				CBF7F4892533F97C00563C46 /* MainViewModel */,
				CBF7F4772533F8FC00563C46 /* stub_loader.swift */,
				CBF7F4762533F8FC00563C46 /* viewmodel_stub.plist */,
				CBB0C672252E97C9008F091F /* Info.plist */,
				CBF7F4832533F95100563C46 /* BaseInteractorStub.swift */,
			);
			path = ViewModelUnitTest;
			sourceTree = "<group>";
		};
		CBB0C67A252E97C9008F091F /* MVVMiUITests */ = {
			isa = PBXGroup;
			children = (
				CBB0C67B252E97C9008F091F /* MVVMiUITests.swift */,
				CBB0C67D252E97C9008F091F /* Info.plist */,
			);
			path = MVVMiUITests;
			sourceTree = "<group>";
		};
		CBB0C6A2252E9879008F091F /* Bases */ = {
			isa = PBXGroup;
			children = (
				CBB0C6A8252E98EC008F091F /* RxViewController.swift */,
				CBB0C6AD252E98ED008F091F /* RxViewModel.swift */,
				CBB0C720252E9B28008F091F /* Deinitializable.swift */,
			);
			path = Bases;
			sourceTree = "<group>";
		};
		CBB0C6A3252E9885008F091F /* Clients */ = {
			isa = PBXGroup;
			children = (
				CBB0C731252EB1D4008F091F /* ClientProtocol.swift */,
				CBB0C73A252EB28C008F091F /* RestClient.swift */,
			);
			path = Clients;
			sourceTree = "<group>";
		};
		CBB0C6A4252E989F008F091F /* Extensions */ = {
			isa = PBXGroup;
			children = (
				DD7DB48028DAF78400171BAB /* AddWith.swift */,
				DD7DB47F28DAF78400171BAB /* ReactiveExtension.swift */,
			);
			path = Extensions;
			sourceTree = "<group>";
		};
		CBB0C6A5252E98AC008F091F /* Scenes */ = {
			isa = PBXGroup;
			children = (
				CBB0C72D252E9D51008F091F /* Main */,
			);
			path = Scenes;
			sourceTree = "<group>";
		};
		CBB0C6A6252E98BC008F091F /* Interactors */ = {
			isa = PBXGroup;
			children = (
				CBB0C759252EDA77008F091F /* Quotes */,
				CBB0C74D252ED96D008F091F /* BaseInteractor.swift */,
			);
			path = Interactors;
			sourceTree = "<group>";
		};
		CBB0C6D9252FE21C00C2797F /* Helper */ = {
			isa = PBXGroup;
			children = (
			);
			path = Helper;
			sourceTree = "<group>";
		};
		CBB0C72D252E9D51008F091F /* Main */ = {
			isa = PBXGroup;
			children = (
				CBB0C730252E9D66008F091F /* ViewModel */,
				CBB0C72F252E9D61008F091F /* Model */,
				CBB0C72E252E9D5A008F091F /* View */,
			);
			path = Main;
			sourceTree = "<group>";
		};
		CBB0C72E252E9D5A008F091F /* View */ = {
			isa = PBXGroup;
			children = (
				CBB0C65D252E97C8008F091F /* MainViewController.swift */,
			);
			path = View;
			sourceTree = "<group>";
		};
		CBB0C72F252E9D61008F091F /* Model */ = {
			isa = PBXGroup;
			children = (
				CBB0C763252EDAEB008F091F /* QuotesResultModel.swift */,
			);
			path = Model;
			sourceTree = "<group>";
		};
		CBB0C730252E9D66008F091F /* ViewModel */ = {
			isa = PBXGroup;
			children = (
				CBB0C769252EDBE4008F091F /* MainViewModel.swift */,
			);
			path = ViewModel;
			sourceTree = "<group>";
		};
		CBB0C740252ED51B008F091F /* Commons */ = {
			isa = PBXGroup;
			children = (
				CBB0C744252ED772008F091F /* ConstEnums.swift */,
				CBB0C7AB252EE555008F091F /* ConstValues.swift */,
			);
			path = Commons;
			sourceTree = "<group>";
		};
		CBB0C759252EDA77008F091F /* Quotes */ = {
			isa = PBXGroup;
			children = (
				CBB0C753252EDA3A008F091F /* QuotesInteractor.swift */,
				CBB0C75A252EDA88008F091F /* QuotesParam.swift */,
			);
			path = Quotes;
			sourceTree = "<group>";
		};
		CBB0C780252EDCA0008F091F /* InteractorUnitTest */ = {
			isa = PBXGroup;
			children = (
				CBF7F4A425341CD300563C46 /* QuotesIntercator */,
				CB4132A52532E09F003C405E /* interactor_stub.plist */,
				CBB0C783252EDCA0008F091F /* Info.plist */,
				CB4132132532D386003C405E /* ClientStub.swift */,
				CBF7F43B2533E9CB00563C46 /* stub_loader.swift */,
			);
			path = InteractorUnitTest;
			sourceTree = "<group>";
		};
		CBF7F4892533F97C00563C46 /* MainViewModel */ = {
			isa = PBXGroup;
			children = (
				CBF7F48A2533F99000563C46 /* QuotesInteractorStub.swift */,
				CBF7F494253415F900563C46 /* main_viewmodel_p_valid_input_01.swift */,
				CBF7F49A25341BC500563C46 /* main_viewmodel_p_invalid_parse_01.swift */,
			);
			path = MainViewModel;
			sourceTree = "<group>";
		};
		CBF7F4A425341CD300563C46 /* QuotesIntercator */ = {
			isa = PBXGroup;
			children = (
				CBF7F4412533EA7B00563C46 /* quotes_interactor_p_valid_param_01.swift */,
			);
			path = QuotesIntercator;
			sourceTree = "<group>";
		};
		DDD85EAD28DAE84900BF82D6 /* Frameworks */ = {
			isa = PBXGroup;
			children = (
			);
			name = Frameworks;
			sourceTree = "<group>";
		};
/* End PBXGroup section */

/* Begin PBXNativeTarget section */
		CBB0C655252E97C8008F091F /* MVVMi */ = {
			isa = PBXNativeTarget;
			buildConfigurationList = CBB0C680252E97C9008F091F /* Build configuration list for PBXNativeTarget "MVVMi" */;
			buildPhases = (
				CBB0C652252E97C8008F091F /* Sources */,
				CBB0C653252E97C8008F091F /* Frameworks */,
				CBB0C654252E97C8008F091F /* Resources */,
			);
			buildRules = (
			);
			dependencies = (
			);
			name = MVVMi;
			packageProductDependencies = (
				DDF1429028DADC4200E7045B /* Then */,
				DDF142A828DADCF700E7045B /* Alamofire */,
				DDD85E9D28DAE1B900BF82D6 /* SnapKit */,
				DDD85EA228DAE1D300BF82D6 /* RxCocoa */,
				DDD85EA428DAE1D300BF82D6 /* RxRelay */,
				DDD85EA628DAE1D300BF82D6 /* RxSwift */,
			);
			productName = MVVMi;
			productReference = CBB0C656252E97C8008F091F /* MVVMi.app */;
			productType = "com.apple.product-type.application";
		};
		CBB0C66B252E97C9008F091F /* ViewModelUnitTest */ = {
			isa = PBXNativeTarget;
			buildConfigurationList = CBB0C683252E97C9008F091F /* Build configuration list for PBXNativeTarget "ViewModelUnitTest" */;
			buildPhases = (
				CBB0C668252E97C9008F091F /* Sources */,
				CBB0C669252E97C9008F091F /* Frameworks */,
				CBB0C66A252E97C9008F091F /* Resources */,
			);
			buildRules = (
			);
			dependencies = (
				CBB0C66E252E97C9008F091F /* PBXTargetDependency */,
			);
			name = ViewModelUnitTest;
			packageProductDependencies = (
				DDD85EB228DAE85600BF82D6 /* RxBlocking */,
				DDD85EB428DAE85600BF82D6 /* RxTest */,
			);
			productName = MVVMiTests;
			productReference = CBB0C66C252E97C9008F091F /* ViewModelUnitTest.xctest */;
			productType = "com.apple.product-type.bundle.unit-test";
		};
		CBB0C676252E97C9008F091F /* MVVMiUITests */ = {
			isa = PBXNativeTarget;
			buildConfigurationList = CBB0C686252E97C9008F091F /* Build configuration list for PBXNativeTarget "MVVMiUITests" */;
			buildPhases = (
				CBB0C673252E97C9008F091F /* Sources */,
				CBB0C674252E97C9008F091F /* Frameworks */,
				CBB0C675252E97C9008F091F /* Resources */,
			);
			buildRules = (
			);
			dependencies = (
				CBB0C679252E97C9008F091F /* PBXTargetDependency */,
			);
			name = MVVMiUITests;
			productName = MVVMiUITests;
			productReference = CBB0C677252E97C9008F091F /* MVVMiUITests.xctest */;
			productType = "com.apple.product-type.bundle.ui-testing";
		};
		CBB0C77E252EDCA0008F091F /* InteractorUnitTest */ = {
			isa = PBXNativeTarget;
			buildConfigurationList = CBB0C786252EDCA0008F091F /* Build configuration list for PBXNativeTarget "InteractorUnitTest" */;
			buildPhases = (
				CBB0C77B252EDCA0008F091F /* Sources */,
				CBB0C77C252EDCA0008F091F /* Frameworks */,
				CBB0C77D252EDCA0008F091F /* Resources */,
			);
			buildRules = (
			);
			dependencies = (
				CBB0C785252EDCA0008F091F /* PBXTargetDependency */,
			);
			name = InteractorUnitTest;
			packageProductDependencies = (
				DDD85EAE28DAE84900BF82D6 /* RxBlocking */,
				DDD85EB028DAE84900BF82D6 /* RxTest */,
			);
			productName = InteractorTest;
			productReference = CBB0C77F252EDCA0008F091F /* InteractorUnitTest.xctest */;
			productType = "com.apple.product-type.bundle.unit-test";
		};
/* End PBXNativeTarget section */

/* Begin PBXProject section */
		CBB0C64E252E97C8008F091F /* Project object */ = {
			isa = PBXProject;
			attributes = {
				LastSwiftUpdateCheck = 1200;
				LastUpgradeCheck = 1200;
				TargetAttributes = {
					CBB0C655252E97C8008F091F = {
						CreatedOnToolsVersion = 12.0;
					};
					CBB0C66B252E97C9008F091F = {
						CreatedOnToolsVersion = 12.0;
						TestTargetID = CBB0C655252E97C8008F091F;
					};
					CBB0C676252E97C9008F091F = {
						CreatedOnToolsVersion = 12.0;
						TestTargetID = CBB0C655252E97C8008F091F;
					};
					CBB0C77E252EDCA0008F091F = {
						CreatedOnToolsVersion = 12.0;
						TestTargetID = CBB0C655252E97C8008F091F;
					};
				};
			};
			buildConfigurationList = CBB0C651252E97C8008F091F /* Build configuration list for PBXProject "MVVMi" */;
			compatibilityVersion = "Xcode 9.3";
			developmentRegion = en;
			hasScannedForEncodings = 0;
			knownRegions = (
				en,
				Base,
			);
			mainGroup = CBB0C64D252E97C8008F091F;
			packageReferences = (
				DDF1428F28DADC4200E7045B /* XCRemoteSwiftPackageReference "Then" */,
				DDF142A728DADCF700E7045B /* XCRemoteSwiftPackageReference "Alamofire" */,
				DDD85E9C28DAE1B900BF82D6 /* XCRemoteSwiftPackageReference "SnapKit" */,
				DDD85E9F28DAE1D300BF82D6 /* XCRemoteSwiftPackageReference "RxSwift" */,
			);
			productRefGroup = CBB0C657252E97C8008F091F /* Products */;
			projectDirPath = "";
			projectRoot = "";
			targets = (
				CBB0C655252E97C8008F091F /* MVVMi */,
				CBB0C66B252E97C9008F091F /* ViewModelUnitTest */,
				CBB0C77E252EDCA0008F091F /* InteractorUnitTest */,
				CBB0C676252E97C9008F091F /* MVVMiUITests */,
			);
		};
/* End PBXProject section */

/* Begin PBXResourcesBuildPhase section */
		CBB0C654252E97C8008F091F /* Resources */ = {
			isa = PBXResourcesBuildPhase;
			buildActionMask = 2147483647;
			files = (
				CBF7F47E2533F90400563C46 /* viewmodel_stub.plist in Resources */,
				CBB0C666252E97C9008F091F /* LaunchScreen.storyboard in Resources */,
				CBB0C663252E97C9008F091F /* Assets.xcassets in Resources */,
				CBF7F4712533F86200563C46 /* interactor_stub.plist in Resources */,
			);
			runOnlyForDeploymentPostprocessing = 0;
		};
		CBB0C66A252E97C9008F091F /* Resources */ = {
			isa = PBXResourcesBuildPhase;
			buildActionMask = 2147483647;
			files = (
				CBF7F4782533F8FC00563C46 /* viewmodel_stub.plist in Resources */,
			);
			runOnlyForDeploymentPostprocessing = 0;
		};
		CBB0C675252E97C9008F091F /* Resources */ = {
			isa = PBXResourcesBuildPhase;
			buildActionMask = 2147483647;
			files = (
			);
			runOnlyForDeploymentPostprocessing = 0;
		};
		CBB0C77D252EDCA0008F091F /* Resources */ = {
			isa = PBXResourcesBuildPhase;
			buildActionMask = 2147483647;
			files = (
				CBF7F45D2533F23E00563C46 /* interactor_stub.plist in Resources */,
			);
			runOnlyForDeploymentPostprocessing = 0;
		};
/* End PBXResourcesBuildPhase section */

/* Begin PBXSourcesBuildPhase section */
		CBB0C652252E97C8008F091F /* Sources */ = {
			isa = PBXSourcesBuildPhase;
			buildActionMask = 2147483647;
			files = (
				CBB0C73B252EB28C008F091F /* RestClient.swift in Sources */,
				CBB0C65E252E97C8008F091F /* MainViewController.swift in Sources */,
				CBB0C75B252EDA88008F091F /* QuotesParam.swift in Sources */,
				CBB0C764252EDAEB008F091F /* QuotesResultModel.swift in Sources */,
				CBB0C74E252ED96D008F091F /* BaseInteractor.swift in Sources */,
				CBB0C76A252EDBE4008F091F /* MainViewModel.swift in Sources */,
				CBB0C65A252E97C8008F091F /* AppDelegate.swift in Sources */,
				CBB0C721252E9B28008F091F /* Deinitializable.swift in Sources */,
				CBB0C754252EDA3A008F091F /* QuotesInteractor.swift in Sources */,
				CBB0C6BB252E98ED008F091F /* RxViewModel.swift in Sources */,
				CBB0C732252EB1D4008F091F /* ClientProtocol.swift in Sources */,
				CBB0C7AC252EE555008F091F /* ConstValues.swift in Sources */,
				CBB0C6B1252E98ED008F091F /* RxViewController.swift in Sources */,
				DD7DB48228DAF78400171BAB /* AddWith.swift in Sources */,
				DD7DB48128DAF78400171BAB /* ReactiveExtension.swift in Sources */,
				CBB0C745252ED772008F091F /* ConstEnums.swift in Sources */,
			);
			runOnlyForDeploymentPostprocessing = 0;
		};
		CBB0C668252E97C9008F091F /* Sources */ = {
			isa = PBXSourcesBuildPhase;
			buildActionMask = 2147483647;
			files = (
				CBB0C733252EB1D4008F091F /* ClientProtocol.swift in Sources */,
				CBB0C755252EDA3A008F091F /* QuotesInteractor.swift in Sources */,
				CB4132A02532E00F003C405E /* ConstValues.swift in Sources */,
				CBB0C6BC252E98ED008F091F /* RxViewModel.swift in Sources */,
				CBB0C75C252EDA88008F091F /* QuotesParam.swift in Sources */,
				CBB0C722252E9B28008F091F /* Deinitializable.swift in Sources */,
				CBB0C746252ED772008F091F /* ConstEnums.swift in Sources */,
				CBF7F4792533F8FC00563C46 /* stub_loader.swift in Sources */,
				CBB0C74F252ED96D008F091F /* BaseInteractor.swift in Sources */,
				CBF7F495253415F900563C46 /* main_viewmodel_p_valid_input_01.swift in Sources */,
				CBB0C73C252EB28C008F091F /* RestClient.swift in Sources */,
				CBF7F4842533F95100563C46 /* BaseInteractorStub.swift in Sources */,
				CBF7F49B25341BC500563C46 /* main_viewmodel_p_invalid_parse_01.swift in Sources */,
				CBB0C6B2252E98ED008F091F /* RxViewController.swift in Sources */,
				CBB0C76B252EDBE4008F091F /* MainViewModel.swift in Sources */,
				CB4132962532DFEF003C405E /* QuotesResultModel.swift in Sources */,
				CBF7F48B2533F99000563C46 /* QuotesInteractorStub.swift in Sources */,
			);
			runOnlyForDeploymentPostprocessing = 0;
		};
		CBB0C673252E97C9008F091F /* Sources */ = {
			isa = PBXSourcesBuildPhase;
			buildActionMask = 2147483647;
			files = (
				CBB0C723252E9B28008F091F /* Deinitializable.swift in Sources */,
				CBB0C67C252E97C9008F091F /* MVVMiUITests.swift in Sources */,
			);
			runOnlyForDeploymentPostprocessing = 0;
		};
		CBB0C77B252EDCA0008F091F /* Sources */ = {
			isa = PBXSourcesBuildPhase;
			buildActionMask = 2147483647;
			files = (
				CBF7F4422533EA7C00563C46 /* quotes_interactor_p_valid_param_01.swift in Sources */,
				CBF7F4472533EAD100563C46 /* QuotesInteractor.swift in Sources */,
				CB41322C2532D464003C405E /* ClientProtocol.swift in Sources */,
				CB4132142532D386003C405E /* ClientStub.swift in Sources */,
				CB41328C2532DFE9003C405E /* Deinitializable.swift in Sources */,
				CB41329B2532E00E003C405E /* ConstValues.swift in Sources */,
				CBF7F4502533F03F00563C46 /* QuotesParam.swift in Sources */,
				CBF7F43C2533E9CB00563C46 /* stub_loader.swift in Sources */,
				CB4132912532DFEF003C405E /* QuotesResultModel.swift in Sources */,
				CB4132312532D48E003C405E /* ConstEnums.swift in Sources */,
				CBB0C79E252EDCC7008F091F /* BaseInteractor.swift in Sources */,
			);
			runOnlyForDeploymentPostprocessing = 0;
		};
/* End PBXSourcesBuildPhase section */

/* Begin PBXTargetDependency section */
		CBB0C66E252E97C9008F091F /* PBXTargetDependency */ = {
			isa = PBXTargetDependency;
			target = CBB0C655252E97C8008F091F /* MVVMi */;
			targetProxy = CBB0C66D252E97C9008F091F /* PBXContainerItemProxy */;
		};
		CBB0C679252E97C9008F091F /* PBXTargetDependency */ = {
			isa = PBXTargetDependency;
			target = CBB0C655252E97C8008F091F /* MVVMi */;
			targetProxy = CBB0C678252E97C9008F091F /* PBXContainerItemProxy */;
		};
		CBB0C785252EDCA0008F091F /* PBXTargetDependency */ = {
			isa = PBXTargetDependency;
			target = CBB0C655252E97C8008F091F /* MVVMi */;
			targetProxy = CBB0C784252EDCA0008F091F /* PBXContainerItemProxy */;
		};
/* End PBXTargetDependency section */

/* Begin PBXVariantGroup section */
		CBB0C664252E97C9008F091F /* LaunchScreen.storyboard */ = {
			isa = PBXVariantGroup;
			children = (
				CBB0C665252E97C9008F091F /* Base */,
			);
			name = LaunchScreen.storyboard;
			sourceTree = "<group>";
		};
/* End PBXVariantGroup section */

/* Begin XCBuildConfiguration section */
		CBB0C67E252E97C9008F091F /* Debug */ = {
			isa = XCBuildConfiguration;
			buildSettings = {
				ALWAYS_SEARCH_USER_PATHS = NO;
				CLANG_ANALYZER_NONNULL = YES;
				CLANG_ANALYZER_NUMBER_OBJECT_CONVERSION = YES_AGGRESSIVE;
				CLANG_CXX_LANGUAGE_STANDARD = "gnu++14";
				CLANG_CXX_LIBRARY = "libc++";
				CLANG_ENABLE_MODULES = YES;
				CLANG_ENABLE_OBJC_ARC = YES;
				CLANG_ENABLE_OBJC_WEAK = YES;
				CLANG_WARN_BLOCK_CAPTURE_AUTORELEASING = YES;
				CLANG_WARN_BOOL_CONVERSION = YES;
				CLANG_WARN_COMMA = YES;
				CLANG_WARN_CONSTANT_CONVERSION = YES;
				CLANG_WARN_DEPRECATED_OBJC_IMPLEMENTATIONS = YES;
				CLANG_WARN_DIRECT_OBJC_ISA_USAGE = YES_ERROR;
				CLANG_WARN_DOCUMENTATION_COMMENTS = YES;
				CLANG_WARN_EMPTY_BODY = YES;
				CLANG_WARN_ENUM_CONVERSION = YES;
				CLANG_WARN_INFINITE_RECURSION = YES;
				CLANG_WARN_INT_CONVERSION = YES;
				CLANG_WARN_NON_LITERAL_NULL_CONVERSION = YES;
				CLANG_WARN_OBJC_IMPLICIT_RETAIN_SELF = YES;
				CLANG_WARN_OBJC_LITERAL_CONVERSION = YES;
				CLANG_WARN_OBJC_ROOT_CLASS = YES_ERROR;
				CLANG_WARN_QUOTED_INCLUDE_IN_FRAMEWORK_HEADER = YES;
				CLANG_WARN_RANGE_LOOP_ANALYSIS = YES;
				CLANG_WARN_STRICT_PROTOTYPES = YES;
				CLANG_WARN_SUSPICIOUS_MOVE = YES;
				CLANG_WARN_UNGUARDED_AVAILABILITY = YES_AGGRESSIVE;
				CLANG_WARN_UNREACHABLE_CODE = YES;
				CLANG_WARN__DUPLICATE_METHOD_MATCH = YES;
				COPY_PHASE_STRIP = NO;
				DEBUG_INFORMATION_FORMAT = dwarf;
				ENABLE_STRICT_OBJC_MSGSEND = YES;
				ENABLE_TESTABILITY = YES;
				GCC_C_LANGUAGE_STANDARD = gnu11;
				GCC_DYNAMIC_NO_PIC = NO;
				GCC_NO_COMMON_BLOCKS = YES;
				GCC_OPTIMIZATION_LEVEL = 0;
				GCC_PREPROCESSOR_DEFINITIONS = (
					"DEBUG=1",
					"$(inherited)",
				);
				GCC_WARN_64_TO_32_BIT_CONVERSION = YES;
				GCC_WARN_ABOUT_RETURN_TYPE = YES_ERROR;
				GCC_WARN_UNDECLARED_SELECTOR = YES;
				GCC_WARN_UNINITIALIZED_AUTOS = YES_AGGRESSIVE;
				GCC_WARN_UNUSED_FUNCTION = YES;
				GCC_WARN_UNUSED_VARIABLE = YES;
				IPHONEOS_DEPLOYMENT_TARGET = 11.0;
				MTL_ENABLE_DEBUG_INFO = INCLUDE_SOURCE;
				MTL_FAST_MATH = YES;
				ONLY_ACTIVE_ARCH = YES;
				SDKROOT = iphoneos;
				SWIFT_ACTIVE_COMPILATION_CONDITIONS = DEBUG;
				SWIFT_OPTIMIZATION_LEVEL = "-Onone";
			};
			name = Debug;
		};
		CBB0C67F252E97C9008F091F /* Release */ = {
			isa = XCBuildConfiguration;
			buildSettings = {
				ALWAYS_SEARCH_USER_PATHS = NO;
				CLANG_ANALYZER_NONNULL = YES;
				CLANG_ANALYZER_NUMBER_OBJECT_CONVERSION = YES_AGGRESSIVE;
				CLANG_CXX_LANGUAGE_STANDARD = "gnu++14";
				CLANG_CXX_LIBRARY = "libc++";
				CLANG_ENABLE_MODULES = YES;
				CLANG_ENABLE_OBJC_ARC = YES;
				CLANG_ENABLE_OBJC_WEAK = YES;
				CLANG_WARN_BLOCK_CAPTURE_AUTORELEASING = YES;
				CLANG_WARN_BOOL_CONVERSION = YES;
				CLANG_WARN_COMMA = YES;
				CLANG_WARN_CONSTANT_CONVERSION = YES;
				CLANG_WARN_DEPRECATED_OBJC_IMPLEMENTATIONS = YES;
				CLANG_WARN_DIRECT_OBJC_ISA_USAGE = YES_ERROR;
				CLANG_WARN_DOCUMENTATION_COMMENTS = YES;
				CLANG_WARN_EMPTY_BODY = YES;
				CLANG_WARN_ENUM_CONVERSION = YES;
				CLANG_WARN_INFINITE_RECURSION = YES;
				CLANG_WARN_INT_CONVERSION = YES;
				CLANG_WARN_NON_LITERAL_NULL_CONVERSION = YES;
				CLANG_WARN_OBJC_IMPLICIT_RETAIN_SELF = YES;
				CLANG_WARN_OBJC_LITERAL_CONVERSION = YES;
				CLANG_WARN_OBJC_ROOT_CLASS = YES_ERROR;
				CLANG_WARN_QUOTED_INCLUDE_IN_FRAMEWORK_HEADER = YES;
				CLANG_WARN_RANGE_LOOP_ANALYSIS = YES;
				CLANG_WARN_STRICT_PROTOTYPES = YES;
				CLANG_WARN_SUSPICIOUS_MOVE = YES;
				CLANG_WARN_UNGUARDED_AVAILABILITY = YES_AGGRESSIVE;
				CLANG_WARN_UNREACHABLE_CODE = YES;
				CLANG_WARN__DUPLICATE_METHOD_MATCH = YES;
				COPY_PHASE_STRIP = NO;
				DEBUG_INFORMATION_FORMAT = "dwarf-with-dsym";
				ENABLE_NS_ASSERTIONS = NO;
				ENABLE_STRICT_OBJC_MSGSEND = YES;
				GCC_C_LANGUAGE_STANDARD = gnu11;
				GCC_NO_COMMON_BLOCKS = YES;
				GCC_WARN_64_TO_32_BIT_CONVERSION = YES;
				GCC_WARN_ABOUT_RETURN_TYPE = YES_ERROR;
				GCC_WARN_UNDECLARED_SELECTOR = YES;
				GCC_WARN_UNINITIALIZED_AUTOS = YES_AGGRESSIVE;
				GCC_WARN_UNUSED_FUNCTION = YES;
				GCC_WARN_UNUSED_VARIABLE = YES;
				IPHONEOS_DEPLOYMENT_TARGET = 11.0;
				MTL_ENABLE_DEBUG_INFO = NO;
				MTL_FAST_MATH = YES;
				SDKROOT = iphoneos;
				SWIFT_COMPILATION_MODE = wholemodule;
				SWIFT_OPTIMIZATION_LEVEL = "-O";
				VALIDATE_PRODUCT = YES;
			};
			name = Release;
		};
		CBB0C681252E97C9008F091F /* Debug */ = {
			isa = XCBuildConfiguration;
			buildSettings = {
				ASSETCATALOG_COMPILER_APPICON_NAME = AppIcon;
				ASSETCATALOG_COMPILER_GLOBAL_ACCENT_COLOR_NAME = AccentColor;
				CODE_SIGN_STYLE = Automatic;
				DEVELOPMENT_TEAM = X4DZ2BPGRL;
				ENABLE_TESTING_SEARCH_PATHS = YES;
				INFOPLIST_FILE = MVVMi/Info.plist;
				IPHONEOS_DEPLOYMENT_TARGET = 13.0;
				LD_RUNPATH_SEARCH_PATHS = (
					"$(inherited)",
					"@executable_path/Frameworks",
				);
				PRODUCT_BUNDLE_IDENTIFIER = magewr.MVVMi;
				PRODUCT_NAME = "$(TARGET_NAME)";
				SWIFT_VERSION = 5.0;
				TARGETED_DEVICE_FAMILY = "1,2";
			};
			name = Debug;
		};
		CBB0C682252E97C9008F091F /* Release */ = {
			isa = XCBuildConfiguration;
			buildSettings = {
				ASSETCATALOG_COMPILER_APPICON_NAME = AppIcon;
				ASSETCATALOG_COMPILER_GLOBAL_ACCENT_COLOR_NAME = AccentColor;
				CODE_SIGN_STYLE = Automatic;
				DEVELOPMENT_TEAM = X4DZ2BPGRL;
				ENABLE_TESTING_SEARCH_PATHS = YES;
				INFOPLIST_FILE = MVVMi/Info.plist;
				IPHONEOS_DEPLOYMENT_TARGET = 13.0;
				LD_RUNPATH_SEARCH_PATHS = (
					"$(inherited)",
					"@executable_path/Frameworks",
				);
				PRODUCT_BUNDLE_IDENTIFIER = magewr.MVVMi;
				PRODUCT_NAME = "$(TARGET_NAME)";
				SWIFT_VERSION = 5.0;
				TARGETED_DEVICE_FAMILY = "1,2";
			};
			name = Release;
		};
		CBB0C684252E97C9008F091F /* Debug */ = {
			isa = XCBuildConfiguration;
			buildSettings = {
				ALWAYS_EMBED_SWIFT_STANDARD_LIBRARIES = YES;
				BUNDLE_LOADER = "$(TEST_HOST)";
				CODE_SIGN_STYLE = Automatic;
				INFOPLIST_FILE = ViewModelUnitTest/Info.plist;
				IPHONEOS_DEPLOYMENT_TARGET = 14.0;
				LD_RUNPATH_SEARCH_PATHS = (
					"$(inherited)",
					"@executable_path/Frameworks",
					"@loader_path/Frameworks",
				);
				PRODUCT_BUNDLE_IDENTIFIER = magewr.MVVMiTests;
				PRODUCT_NAME = "$(TARGET_NAME)";
				SWIFT_VERSION = 5.0;
				TARGETED_DEVICE_FAMILY = "1,2";
				TEST_HOST = "$(BUILT_PRODUCTS_DIR)/MVVMi.app/MVVMi";
			};
			name = Debug;
		};
		CBB0C685252E97C9008F091F /* Release */ = {
			isa = XCBuildConfiguration;
			buildSettings = {
				ALWAYS_EMBED_SWIFT_STANDARD_LIBRARIES = YES;
				BUNDLE_LOADER = "$(TEST_HOST)";
				CODE_SIGN_STYLE = Automatic;
				INFOPLIST_FILE = ViewModelUnitTest/Info.plist;
				IPHONEOS_DEPLOYMENT_TARGET = 14.0;
				LD_RUNPATH_SEARCH_PATHS = (
					"$(inherited)",
					"@executable_path/Frameworks",
					"@loader_path/Frameworks",
				);
				PRODUCT_BUNDLE_IDENTIFIER = magewr.MVVMiTests;
				PRODUCT_NAME = "$(TARGET_NAME)";
				SWIFT_VERSION = 5.0;
				TARGETED_DEVICE_FAMILY = "1,2";
				TEST_HOST = "$(BUILT_PRODUCTS_DIR)/MVVMi.app/MVVMi";
			};
			name = Release;
		};
		CBB0C687252E97C9008F091F /* Debug */ = {
			isa = XCBuildConfiguration;
			buildSettings = {
				ALWAYS_EMBED_SWIFT_STANDARD_LIBRARIES = YES;
				CODE_SIGN_STYLE = Automatic;
				INFOPLIST_FILE = MVVMiUITests/Info.plist;
				LD_RUNPATH_SEARCH_PATHS = (
					"$(inherited)",
					"@executable_path/Frameworks",
					"@loader_path/Frameworks",
				);
				PRODUCT_BUNDLE_IDENTIFIER = magewr.MVVMiUITests;
				PRODUCT_NAME = "$(TARGET_NAME)";
				SWIFT_VERSION = 5.0;
				TARGETED_DEVICE_FAMILY = "1,2";
				TEST_TARGET_NAME = MVVMi;
			};
			name = Debug;
		};
		CBB0C688252E97C9008F091F /* Release */ = {
			isa = XCBuildConfiguration;
			buildSettings = {
				ALWAYS_EMBED_SWIFT_STANDARD_LIBRARIES = YES;
				CODE_SIGN_STYLE = Automatic;
				INFOPLIST_FILE = MVVMiUITests/Info.plist;
				LD_RUNPATH_SEARCH_PATHS = (
					"$(inherited)",
					"@executable_path/Frameworks",
					"@loader_path/Frameworks",
				);
				PRODUCT_BUNDLE_IDENTIFIER = magewr.MVVMiUITests;
				PRODUCT_NAME = "$(TARGET_NAME)";
				SWIFT_VERSION = 5.0;
				TARGETED_DEVICE_FAMILY = "1,2";
				TEST_TARGET_NAME = MVVMi;
			};
			name = Release;
		};
		CBB0C787252EDCA0008F091F /* Debug */ = {
			isa = XCBuildConfiguration;
			buildSettings = {
				BUNDLE_LOADER = "$(TEST_HOST)";
				CODE_SIGN_STYLE = Automatic;
				INFOPLIST_FILE = InteractorUnitTest/Info.plist;
				IPHONEOS_DEPLOYMENT_TARGET = 14.0;
				LD_RUNPATH_SEARCH_PATHS = (
					"$(inherited)",
					"@executable_path/Frameworks",
					"@loader_path/Frameworks",
				);
				PRODUCT_BUNDLE_IDENTIFIER = magewr.InteractorTest;
				PRODUCT_NAME = "$(TARGET_NAME)";
				SWIFT_VERSION = 5.0;
				TARGETED_DEVICE_FAMILY = "1,2";
				TEST_HOST = "$(BUILT_PRODUCTS_DIR)/MVVMi.app/MVVMi";
			};
			name = Debug;
		};
		CBB0C788252EDCA0008F091F /* Release */ = {
			isa = XCBuildConfiguration;
			buildSettings = {
				BUNDLE_LOADER = "$(TEST_HOST)";
				CODE_SIGN_STYLE = Automatic;
				INFOPLIST_FILE = InteractorUnitTest/Info.plist;
				IPHONEOS_DEPLOYMENT_TARGET = 14.0;
				LD_RUNPATH_SEARCH_PATHS = (
					"$(inherited)",
					"@executable_path/Frameworks",
					"@loader_path/Frameworks",
				);
				PRODUCT_BUNDLE_IDENTIFIER = magewr.InteractorTest;
				PRODUCT_NAME = "$(TARGET_NAME)";
				SWIFT_VERSION = 5.0;
				TARGETED_DEVICE_FAMILY = "1,2";
				TEST_HOST = "$(BUILT_PRODUCTS_DIR)/MVVMi.app/MVVMi";
			};
			name = Release;
		};
/* End XCBuildConfiguration section */

/* Begin XCConfigurationList section */
		CBB0C651252E97C8008F091F /* Build configuration list for PBXProject "MVVMi" */ = {
			isa = XCConfigurationList;
			buildConfigurations = (
				CBB0C67E252E97C9008F091F /* Debug */,
				CBB0C67F252E97C9008F091F /* Release */,
			);
			defaultConfigurationIsVisible = 0;
			defaultConfigurationName = Release;
		};
		CBB0C680252E97C9008F091F /* Build configuration list for PBXNativeTarget "MVVMi" */ = {
			isa = XCConfigurationList;
			buildConfigurations = (
				CBB0C681252E97C9008F091F /* Debug */,
				CBB0C682252E97C9008F091F /* Release */,
			);
			defaultConfigurationIsVisible = 0;
			defaultConfigurationName = Release;
		};
		CBB0C683252E97C9008F091F /* Build configuration list for PBXNativeTarget "ViewModelUnitTest" */ = {
			isa = XCConfigurationList;
			buildConfigurations = (
				CBB0C684252E97C9008F091F /* Debug */,
				CBB0C685252E97C9008F091F /* Release */,
			);
			defaultConfigurationIsVisible = 0;
			defaultConfigurationName = Release;
		};
		CBB0C686252E97C9008F091F /* Build configuration list for PBXNativeTarget "MVVMiUITests" */ = {
			isa = XCConfigurationList;
			buildConfigurations = (
				CBB0C687252E97C9008F091F /* Debug */,
				CBB0C688252E97C9008F091F /* Release */,
			);
			defaultConfigurationIsVisible = 0;
			defaultConfigurationName = Release;
		};
		CBB0C786252EDCA0008F091F /* Build configuration list for PBXNativeTarget "InteractorUnitTest" */ = {
			isa = XCConfigurationList;
			buildConfigurations = (
				CBB0C787252EDCA0008F091F /* Debug */,
				CBB0C788252EDCA0008F091F /* Release */,
			);
			defaultConfigurationIsVisible = 0;
			defaultConfigurationName = Release;
		};
/* End XCConfigurationList section */

/* Begin XCRemoteSwiftPackageReference section */
		DDD85E9C28DAE1B900BF82D6 /* XCRemoteSwiftPackageReference "SnapKit" */ = {
			isa = XCRemoteSwiftPackageReference;
			repositoryURL = "https://github.com/SnapKit/SnapKit.git";
			requirement = {
				kind = upToNextMinorVersion;
				minimumVersion = 5.6.0;
			};
		};
		DDD85E9F28DAE1D300BF82D6 /* XCRemoteSwiftPackageReference "RxSwift" */ = {
			isa = XCRemoteSwiftPackageReference;
			repositoryURL = "https://github.com/ReactiveX/RxSwift.git";
			requirement = {
				kind = upToNextMinorVersion;
				minimumVersion = 6.5.0;
			};
		};
		DDF1428F28DADC4200E7045B /* XCRemoteSwiftPackageReference "Then" */ = {
			isa = XCRemoteSwiftPackageReference;
			repositoryURL = "https://github.com/devxoul/Then";
			requirement = {
				branch = master;
				kind = branch;
			};
		};
		DDF142A728DADCF700E7045B /* XCRemoteSwiftPackageReference "Alamofire" */ = {
			isa = XCRemoteSwiftPackageReference;
			repositoryURL = "https://github.com/Alamofire/Alamofire";
			requirement = {
				kind = upToNextMajorVersion;
				minimumVersion = 5.0.0;
			};
		};
/* End XCRemoteSwiftPackageReference section */

/* Begin XCSwiftPackageProductDependency section */
		DDD85E9D28DAE1B900BF82D6 /* SnapKit */ = {
			isa = XCSwiftPackageProductDependency;
			package = DDD85E9C28DAE1B900BF82D6 /* XCRemoteSwiftPackageReference "SnapKit" */;
			productName = SnapKit;
		};
		DDD85EA228DAE1D300BF82D6 /* RxCocoa */ = {
			isa = XCSwiftPackageProductDependency;
			package = DDD85E9F28DAE1D300BF82D6 /* XCRemoteSwiftPackageReference "RxSwift" */;
			productName = RxCocoa;
		};
		DDD85EA428DAE1D300BF82D6 /* RxRelay */ = {
			isa = XCSwiftPackageProductDependency;
			package = DDD85E9F28DAE1D300BF82D6 /* XCRemoteSwiftPackageReference "RxSwift" */;
			productName = RxRelay;
		};
		DDD85EA628DAE1D300BF82D6 /* RxSwift */ = {
			isa = XCSwiftPackageProductDependency;
			package = DDD85E9F28DAE1D300BF82D6 /* XCRemoteSwiftPackageReference "RxSwift" */;
			productName = RxSwift;
		};
		DDD85EAE28DAE84900BF82D6 /* RxBlocking */ = {
			isa = XCSwiftPackageProductDependency;
			package = DDD85E9F28DAE1D300BF82D6 /* XCRemoteSwiftPackageReference "RxSwift" */;
			productName = RxBlocking;
		};
		DDD85EB028DAE84900BF82D6 /* RxTest */ = {
			isa = XCSwiftPackageProductDependency;
			package = DDD85E9F28DAE1D300BF82D6 /* XCRemoteSwiftPackageReference "RxSwift" */;
			productName = RxTest;
		};
		DDD85EB228DAE85600BF82D6 /* RxBlocking */ = {
			isa = XCSwiftPackageProductDependency;
			package = DDD85E9F28DAE1D300BF82D6 /* XCRemoteSwiftPackageReference "RxSwift" */;
			productName = RxBlocking;
		};
		DDD85EB428DAE85600BF82D6 /* RxTest */ = {
			isa = XCSwiftPackageProductDependency;
			package = DDD85E9F28DAE1D300BF82D6 /* XCRemoteSwiftPackageReference "RxSwift" */;
			productName = RxTest;
		};
		DDF1429028DADC4200E7045B /* Then */ = {
			isa = XCSwiftPackageProductDependency;
			package = DDF1428F28DADC4200E7045B /* XCRemoteSwiftPackageReference "Then" */;
			productName = Then;
		};
		DDF142A828DADCF700E7045B /* Alamofire */ = {
			isa = XCSwiftPackageProductDependency;
			package = DDF142A728DADCF700E7045B /* XCRemoteSwiftPackageReference "Alamofire" */;
			productName = Alamofire;
		};
/* End XCSwiftPackageProductDependency section */
	};
	rootObject = CBB0C64E252E97C8008F091F /* Project object */;
}
